
Microsoft Visual Studio Solution File, Format Version 12.00
# Visual Studio 15
Project("{FAE04EC0-301F-11D3-BF4B-00C04F79EFBC}") = "Assembly-CSharp", "Assembly-CSharp.csproj", "{CD4BE3FF-D36B-103E-FA83-D9EFF5B49B66}"
EndProject
Global
	GlobalSection(SolutionConfigurationPlatforms) = preSolution
		Debug|Any CPU = Debug|Any CPU
		Release|Any CPU = Release|Any CPU
	EndGlobalSection
	GlobalSection(ProjectConfigurationPlatforms) = postSolution
		{CD4BE3FF-D36B-103E-FA83-D9EFF5B49B66}.Debug|Any CPU.ActiveCfg = Debug|Any CPU
		{CD4BE3FF-D36B-103E-FA83-D9EFF5B49B66}.Debug|Any CPU.Build.0 = Debug|Any CPU
		{CD4BE3FF-D36B-103E-FA83-D9EFF5B49B66}.Release|Any CPU.ActiveCfg = Release|Any CPU
		{CD4BE3FF-D36B-103E-FA83-D9EFF5B49B66}.Release|Any CPU.Build.0 = Release|Any CPU
	EndGlobalSection
	GlobalSection(SolutionProperties) = preSolution
		HideSolutionNode = FALSE
	EndGlobalSection
EndGlobal
